
Microsoft Visual Studio Solution File, Format Version 12.00
# Visual Studio Version 16
VisualStudioVersion = 16.0.30711.63
MinimumVisualStudioVersion = 10.0.40219.1
Project("{9A19103F-16F7-4668-BE54-9A1E7A4F7556}") = "honeypot.server", "honeypot.server\honeypot.server.csproj", "{85FE0619-6BA3-4777-BD67-0AC833DA37F4}"
EndProject
Project("{FAE04EC0-301F-11D3-BF4B-00C04F79EFBC}") = "honeypot.mobile.UWP", "honeypot.mobile\honeypot.mobile.UWP\honeypot.mobile.UWP.csproj", "{418A9F81-9CDD-49ED-84D3-8B77A9E8B72E}"
EndProject
Project("{FAE04EC0-301F-11D3-BF4B-00C04F79EFBC}") = "honeypot.mobile.Android", "honeypot.mobile\honeypot.mobile.Android\honeypot.mobile.Android.csproj", "{E10F79EA-053D-44CD-A8C8-1070D1859B2F}"
EndProject
Project("{FAE04EC0-301F-11D3-BF4B-00C04F79EFBC}") = "honeypot.mobile.iOS", "honeypot.mobile\honeypot.mobile.iOS\honeypot.mobile.iOS.csproj", "{89055559-D8AE-4F9B-BCF0-FDA8D52E0098}"
EndProject
Project("{9A19103F-16F7-4668-BE54-9A1E7A4F7556}") = "honeypot.mobile", "honeypot.mobile\honeypot.mobile\honeypot.mobile.csproj", "{33235431-E740-47EE-A9B4-4D6784ABD0B5}"
EndProject
Project("{9A19103F-16F7-4668-BE54-9A1E7A4F7556}") = "honeypot.data.shared", "honeypot.data.shared\honeypot.data.shared.csproj", "{E78C385F-576E-4997-8369-593BD6FA5122}"
EndProject
Project("{2150E333-8FDC-42A3-9474-1A3956D46DE8}") = "CrossSync", "CrossSync", "{4F7B19B9-D897-483B-8941-26D7479BCF83}"
EndProject
Project("{9A19103F-16F7-4668-BE54-9A1E7A4F7556}") = "CrossSync.Entity.Abstractions", "CrossSync.Entity.Abstractions\CrossSync.Entity.Abstractions.csproj", "{75A9444A-E5AD-4D22-BF32-6355A7D31E27}"
EndProject
Project("{9A19103F-16F7-4668-BE54-9A1E7A4F7556}") = "CrossSync.Entity.Abstractions.EF", "CrossSync.Entity.Abstractions.EF\CrossSync.Entity.Abstractions.EF.csproj", "{69D1ADCF-47BC-4924-92CB-5B1E4CFC3781}"
EndProject
Project("{2150E333-8FDC-42A3-9474-1A3956D46DE8}") = "Server", "Server", "{9B14D3BC-8C01-4DFC-AC6F-20563070D970}"
EndProject
Project("{9A19103F-16F7-4668-BE54-9A1E7A4F7556}") = "CrossSync.Infrastructure.Server", "CrossSync.Infrastructure.Server\CrossSync.Infrastructure.Server.csproj", "{454A0090-37D6-4E45-9FB4-3B60D7115ACD}"
EndProject
Project("{9A19103F-16F7-4668-BE54-9A1E7A4F7556}") = "CrossSync.AspNetCore", "CrossSync.AspNetCore\CrossSync.AspNetCore.csproj", "{5C4A71F0-59C7-46BF-A6ED-3B54964072D2}"
EndProject
Project("{D954291E-2A0B-460D-934E-DC6B0785DB48}") = "honeypot.entities.shared", "honeypot.entities.shared\honeypot.entities.shared.shproj", "{474ABE46-09E9-4ECE-98C8-22A64087A660}"
EndProject
Project("{2150E333-8FDC-42A3-9474-1A3956D46DE8}") = "Client", "Client", "{73BDD3D8-7F56-43CE-B9ED-5D13A1032645}"
EndProject
Project("{FAE04EC0-301F-11D3-BF4B-00C04F79EFBC}") = "CrossSync.Entity.Client", "CrossSync.Entity.Client\CrossSync.Entity.Client.csproj", "{1FAB58CD-DD98-4AF1-A1FC-313990A336EC}"
EndProject
Project("{FAE04EC0-301F-11D3-BF4B-00C04F79EFBC}") = "CrossSync.Infrastructure.Client", "CrossSync.Infrastructure.Client\CrossSync.Infrastructure.Client.csproj", "{3AAD4D69-9355-4838-B375-AEA19CAAD589}"
EndProject
Project("{FAE04EC0-301F-11D3-BF4B-00C04F79EFBC}") = "CrossSync.Xamarin", "CrossSync.Xamarin\CrossSync.Xamarin.csproj", "{43152E68-A732-48AA-B0CA-3FC3480A5201}"
EndProject
Global
	GlobalSection(SharedMSBuildProjectFiles) = preSolution
		honeypot.entities.shared\honeypot.entities.shared.projitems*{474abe46-09e9-4ece-98c8-22a64087a660}*SharedItemsImports = 13
		honeypot.entities.shared\honeypot.entities.shared.projitems*{85fe0619-6ba3-4777-bd67-0ac833da37f4}*SharedItemsImports = 5
	EndGlobalSection
	GlobalSection(SolutionConfigurationPlatforms) = preSolution
		Debug|Any CPU = Debug|Any CPU
		Debug|ARM = Debug|ARM
		Debug|iPhone = Debug|iPhone
		Debug|iPhoneSimulator = Debug|iPhoneSimulator
		Debug|x64 = Debug|x64
		Debug|x86 = Debug|x86
		Release|Any CPU = Release|Any CPU
		Release|ARM = Release|ARM
		Release|iPhone = Release|iPhone
		Release|iPhoneSimulator = Release|iPhoneSimulator
		Release|x64 = Release|x64
		Release|x86 = Release|x86
	EndGlobalSection
	GlobalSection(ProjectConfigurationPlatforms) = postSolution
		{85FE0619-6BA3-4777-BD67-0AC833DA37F4}.Debug|Any CPU.ActiveCfg = Debug|Any CPU
		{85FE0619-6BA3-4777-BD67-0AC833DA37F4}.Debug|Any CPU.Build.0 = Debug|Any CPU
		{85FE0619-6BA3-4777-BD67-0AC833DA37F4}.Debug|ARM.ActiveCfg = Debug|Any CPU
		{85FE0619-6BA3-4777-BD67-0AC833DA37F4}.Debug|ARM.Build.0 = Debug|Any CPU
		{85FE0619-6BA3-4777-BD67-0AC833DA37F4}.Debug|iPhone.ActiveCfg = Debug|Any CPU
		{85FE0619-6BA3-4777-BD67-0AC833DA37F4}.Debug|iPhone.Build.0 = Debug|Any CPU
		{85FE0619-6BA3-4777-BD67-0AC833DA37F4}.Debug|iPhoneSimulator.ActiveCfg = Debug|Any CPU
		{85FE0619-6BA3-4777-BD67-0AC833DA37F4}.Debug|iPhoneSimulator.Build.0 = Debug|Any CPU
		{85FE0619-6BA3-4777-BD67-0AC833DA37F4}.Debug|x64.ActiveCfg = Debug|Any CPU
		{85FE0619-6BA3-4777-BD67-0AC833DA37F4}.Debug|x64.Build.0 = Debug|Any CPU
		{85FE0619-6BA3-4777-BD67-0AC833DA37F4}.Debug|x86.ActiveCfg = Debug|Any CPU
		{85FE0619-6BA3-4777-BD67-0AC833DA37F4}.Debug|x86.Build.0 = Debug|Any CPU
		{85FE0619-6BA3-4777-BD67-0AC833DA37F4}.Release|Any CPU.ActiveCfg = Release|Any CPU
		{85FE0619-6BA3-4777-BD67-0AC833DA37F4}.Release|Any CPU.Build.0 = Release|Any CPU
		{85FE0619-6BA3-4777-BD67-0AC833DA37F4}.Release|ARM.ActiveCfg = Release|Any CPU
		{85FE0619-6BA3-4777-BD67-0AC833DA37F4}.Release|ARM.Build.0 = Release|Any CPU
		{85FE0619-6BA3-4777-BD67-0AC833DA37F4}.Release|iPhone.ActiveCfg = Release|Any CPU
		{85FE0619-6BA3-4777-BD67-0AC833DA37F4}.Release|iPhone.Build.0 = Release|Any CPU
		{85FE0619-6BA3-4777-BD67-0AC833DA37F4}.Release|iPhoneSimulator.ActiveCfg = Release|Any CPU
		{85FE0619-6BA3-4777-BD67-0AC833DA37F4}.Release|iPhoneSimulator.Build.0 = Release|Any CPU
		{85FE0619-6BA3-4777-BD67-0AC833DA37F4}.Release|x64.ActiveCfg = Release|Any CPU
		{85FE0619-6BA3-4777-BD67-0AC833DA37F4}.Release|x64.Build.0 = Release|Any CPU
		{85FE0619-6BA3-4777-BD67-0AC833DA37F4}.Release|x86.ActiveCfg = Release|Any CPU
		{85FE0619-6BA3-4777-BD67-0AC833DA37F4}.Release|x86.Build.0 = Release|Any CPU
		{418A9F81-9CDD-49ED-84D3-8B77A9E8B72E}.Debug|Any CPU.ActiveCfg = Debug|x86
		{418A9F81-9CDD-49ED-84D3-8B77A9E8B72E}.Debug|ARM.ActiveCfg = Debug|ARM
		{418A9F81-9CDD-49ED-84D3-8B77A9E8B72E}.Debug|ARM.Build.0 = Debug|ARM
		{418A9F81-9CDD-49ED-84D3-8B77A9E8B72E}.Debug|ARM.Deploy.0 = Debug|ARM
		{418A9F81-9CDD-49ED-84D3-8B77A9E8B72E}.Debug|iPhone.ActiveCfg = Debug|x86
		{418A9F81-9CDD-49ED-84D3-8B77A9E8B72E}.Debug|iPhoneSimulator.ActiveCfg = Debug|x86
		{418A9F81-9CDD-49ED-84D3-8B77A9E8B72E}.Debug|x64.ActiveCfg = Debug|x64
		{418A9F81-9CDD-49ED-84D3-8B77A9E8B72E}.Debug|x64.Build.0 = Debug|x64
		{418A9F81-9CDD-49ED-84D3-8B77A9E8B72E}.Debug|x64.Deploy.0 = Debug|x64
		{418A9F81-9CDD-49ED-84D3-8B77A9E8B72E}.Debug|x86.ActiveCfg = Debug|x86
		{418A9F81-9CDD-49ED-84D3-8B77A9E8B72E}.Debug|x86.Build.0 = Debug|x86
		{418A9F81-9CDD-49ED-84D3-8B77A9E8B72E}.Debug|x86.Deploy.0 = Debug|x86
		{418A9F81-9CDD-49ED-84D3-8B77A9E8B72E}.Release|Any CPU.ActiveCfg = Release|x86
		{418A9F81-9CDD-49ED-84D3-8B77A9E8B72E}.Release|ARM.ActiveCfg = Release|ARM
		{418A9F81-9CDD-49ED-84D3-8B77A9E8B72E}.Release|ARM.Build.0 = Release|ARM
		{418A9F81-9CDD-49ED-84D3-8B77A9E8B72E}.Release|ARM.Deploy.0 = Release|ARM
		{418A9F81-9CDD-49ED-84D3-8B77A9E8B72E}.Release|iPhone.ActiveCfg = Release|x86
		{418A9F81-9CDD-49ED-84D3-8B77A9E8B72E}.Release|iPhoneSimulator.ActiveCfg = Release|x86
		{418A9F81-9CDD-49ED-84D3-8B77A9E8B72E}.Release|x64.ActiveCfg = Release|x64
		{418A9F81-9CDD-49ED-84D3-8B77A9E8B72E}.Release|x64.Build.0 = Release|x64
		{418A9F81-9CDD-49ED-84D3-8B77A9E8B72E}.Release|x64.Deploy.0 = Release|x64
		{418A9F81-9CDD-49ED-84D3-8B77A9E8B72E}.Release|x86.ActiveCfg = Release|x86
		{418A9F81-9CDD-49ED-84D3-8B77A9E8B72E}.Release|x86.Build.0 = Release|x86
		{418A9F81-9CDD-49ED-84D3-8B77A9E8B72E}.Release|x86.Deploy.0 = Release|x86
		{E10F79EA-053D-44CD-A8C8-1070D1859B2F}.Debug|Any CPU.ActiveCfg = Debug|Any CPU
		{E10F79EA-053D-44CD-A8C8-1070D1859B2F}.Debug|Any CPU.Build.0 = Debug|Any CPU
		{E10F79EA-053D-44CD-A8C8-1070D1859B2F}.Debug|Any CPU.Deploy.0 = Debug|Any CPU
		{E10F79EA-053D-44CD-A8C8-1070D1859B2F}.Debug|ARM.ActiveCfg = Debug|Any CPU
		{E10F79EA-053D-44CD-A8C8-1070D1859B2F}.Debug|ARM.Build.0 = Debug|Any CPU
		{E10F79EA-053D-44CD-A8C8-1070D1859B2F}.Debug|ARM.Deploy.0 = Debug|Any CPU
		{E10F79EA-053D-44CD-A8C8-1070D1859B2F}.Debug|iPhone.ActiveCfg = Debug|Any CPU
		{E10F79EA-053D-44CD-A8C8-1070D1859B2F}.Debug|iPhone.Build.0 = Debug|Any CPU
		{E10F79EA-053D-44CD-A8C8-1070D1859B2F}.Debug|iPhone.Deploy.0 = Debug|Any CPU
		{E10F79EA-053D-44CD-A8C8-1070D1859B2F}.Debug|iPhoneSimulator.ActiveCfg = Debug|Any CPU
		{E10F79EA-053D-44CD-A8C8-1070D1859B2F}.Debug|iPhoneSimulator.Build.0 = Debug|Any CPU
		{E10F79EA-053D-44CD-A8C8-1070D1859B2F}.Debug|iPhoneSimulator.Deploy.0 = Debug|Any CPU
		{E10F79EA-053D-44CD-A8C8-1070D1859B2F}.Debug|x64.ActiveCfg = Debug|Any CPU
		{E10F79EA-053D-44CD-A8C8-1070D1859B2F}.Debug|x64.Build.0 = Debug|Any CPU
		{E10F79EA-053D-44CD-A8C8-1070D1859B2F}.Debug|x64.Deploy.0 = Debug|Any CPU
		{E10F79EA-053D-44CD-A8C8-1070D1859B2F}.Debug|x86.ActiveCfg = Debug|Any CPU
		{E10F79EA-053D-44CD-A8C8-1070D1859B2F}.Debug|x86.Build.0 = Debug|Any CPU
		{E10F79EA-053D-44CD-A8C8-1070D1859B2F}.Debug|x86.Deploy.0 = Debug|Any CPU
		{E10F79EA-053D-44CD-A8C8-1070D1859B2F}.Release|Any CPU.ActiveCfg = Release|Any CPU
		{E10F79EA-053D-44CD-A8C8-1070D1859B2F}.Release|Any CPU.Build.0 = Release|Any CPU
		{E10F79EA-053D-44CD-A8C8-1070D1859B2F}.Release|Any CPU.Deploy.0 = Release|Any CPU
		{E10F79EA-053D-44CD-A8C8-1070D1859B2F}.Release|ARM.ActiveCfg = Release|Any CPU
		{E10F79EA-053D-44CD-A8C8-1070D1859B2F}.Release|ARM.Build.0 = Release|Any CPU
		{E10F79EA-053D-44CD-A8C8-1070D1859B2F}.Release|ARM.Deploy.0 = Release|Any CPU
		{E10F79EA-053D-44CD-A8C8-1070D1859B2F}.Release|iPhone.ActiveCfg = Release|Any CPU
		{E10F79EA-053D-44CD-A8C8-1070D1859B2F}.Release|iPhone.Build.0 = Release|Any CPU
		{E10F79EA-053D-44CD-A8C8-1070D1859B2F}.Release|iPhone.Deploy.0 = Release|Any CPU
		{E10F79EA-053D-44CD-A8C8-1070D1859B2F}.Release|iPhoneSimulator.ActiveCfg = Release|Any CPU
		{E10F79EA-053D-44CD-A8C8-1070D1859B2F}.Release|iPhoneSimulator.Build.0 = Release|Any CPU
		{E10F79EA-053D-44CD-A8C8-1070D1859B2F}.Release|iPhoneSimulator.Deploy.0 = Release|Any CPU
		{E10F79EA-053D-44CD-A8C8-1070D1859B2F}.Release|x64.ActiveCfg = Release|Any CPU
		{E10F79EA-053D-44CD-A8C8-1070D1859B2F}.Release|x64.Build.0 = Release|Any CPU
		{E10F79EA-053D-44CD-A8C8-1070D1859B2F}.Release|x64.Deploy.0 = Release|Any CPU
		{E10F79EA-053D-44CD-A8C8-1070D1859B2F}.Release|x86.ActiveCfg = Release|Any CPU
		{E10F79EA-053D-44CD-A8C8-1070D1859B2F}.Release|x86.Build.0 = Release|Any CPU
		{E10F79EA-053D-44CD-A8C8-1070D1859B2F}.Release|x86.Deploy.0 = Release|Any CPU
		{89055559-D8AE-4F9B-BCF0-FDA8D52E0098}.Debug|Any CPU.ActiveCfg = Debug|iPhoneSimulator
		{89055559-D8AE-4F9B-BCF0-FDA8D52E0098}.Debug|ARM.ActiveCfg = Debug|iPhoneSimulator
		{89055559-D8AE-4F9B-BCF0-FDA8D52E0098}.Debug|iPhone.ActiveCfg = Debug|iPhone
		{89055559-D8AE-4F9B-BCF0-FDA8D52E0098}.Debug|iPhone.Build.0 = Debug|iPhone
		{89055559-D8AE-4F9B-BCF0-FDA8D52E0098}.Debug|iPhoneSimulator.ActiveCfg = Debug|iPhoneSimulator
		{89055559-D8AE-4F9B-BCF0-FDA8D52E0098}.Debug|iPhoneSimulator.Build.0 = Debug|iPhoneSimulator
		{89055559-D8AE-4F9B-BCF0-FDA8D52E0098}.Debug|x64.ActiveCfg = Debug|iPhoneSimulator
		{89055559-D8AE-4F9B-BCF0-FDA8D52E0098}.Debug|x86.ActiveCfg = Debug|iPhoneSimulator
		{89055559-D8AE-4F9B-BCF0-FDA8D52E0098}.Release|Any CPU.ActiveCfg = Release|iPhoneSimulator
		{89055559-D8AE-4F9B-BCF0-FDA8D52E0098}.Release|ARM.ActiveCfg = Release|iPhoneSimulator
		{89055559-D8AE-4F9B-BCF0-FDA8D52E0098}.Release|iPhone.ActiveCfg = Release|iPhone
		{89055559-D8AE-4F9B-BCF0-FDA8D52E0098}.Release|iPhone.Build.0 = Release|iPhone
		{89055559-D8AE-4F9B-BCF0-FDA8D52E0098}.Release|iPhoneSimulator.ActiveCfg = Release|iPhoneSimulator
		{89055559-D8AE-4F9B-BCF0-FDA8D52E0098}.Release|iPhoneSimulator.Build.0 = Release|iPhoneSimulator
		{89055559-D8AE-4F9B-BCF0-FDA8D52E0098}.Release|x64.ActiveCfg = Release|iPhoneSimulator
		{89055559-D8AE-4F9B-BCF0-FDA8D52E0098}.Release|x86.ActiveCfg = Release|iPhoneSimulator
		{33235431-E740-47EE-A9B4-4D6784ABD0B5}.Debug|Any CPU.ActiveCfg = Debug|Any CPU
		{33235431-E740-47EE-A9B4-4D6784ABD0B5}.Debug|Any CPU.Build.0 = Debug|Any CPU
		{33235431-E740-47EE-A9B4-4D6784ABD0B5}.Debug|ARM.ActiveCfg = Debug|Any CPU
		{33235431-E740-47EE-A9B4-4D6784ABD0B5}.Debug|ARM.Build.0 = Debug|Any CPU
		{33235431-E740-47EE-A9B4-4D6784ABD0B5}.Debug|iPhone.ActiveCfg = Debug|Any CPU
		{33235431-E740-47EE-A9B4-4D6784ABD0B5}.Debug|iPhone.Build.0 = Debug|Any CPU
		{33235431-E740-47EE-A9B4-4D6784ABD0B5}.Debug|iPhoneSimulator.ActiveCfg = Debug|Any CPU
		{33235431-E740-47EE-A9B4-4D6784ABD0B5}.Debug|iPhoneSimulator.Build.0 = Debug|Any CPU
		{33235431-E740-47EE-A9B4-4D6784ABD0B5}.Debug|x64.ActiveCfg = Debug|Any CPU
		{33235431-E740-47EE-A9B4-4D6784ABD0B5}.Debug|x64.Build.0 = Debug|Any CPU
		{33235431-E740-47EE-A9B4-4D6784ABD0B5}.Debug|x86.ActiveCfg = Debug|Any CPU
		{33235431-E740-47EE-A9B4-4D6784ABD0B5}.Debug|x86.Build.0 = Debug|Any CPU
		{33235431-E740-47EE-A9B4-4D6784ABD0B5}.Release|Any CPU.ActiveCfg = Release|Any CPU
		{33235431-E740-47EE-A9B4-4D6784ABD0B5}.Release|Any CPU.Build.0 = Release|Any CPU
		{33235431-E740-47EE-A9B4-4D6784ABD0B5}.Release|ARM.ActiveCfg = Release|Any CPU
		{33235431-E740-47EE-A9B4-4D6784ABD0B5}.Release|ARM.Build.0 = Release|Any CPU
		{33235431-E740-47EE-A9B4-4D6784ABD0B5}.Release|iPhone.ActiveCfg = Release|Any CPU
		{33235431-E740-47EE-A9B4-4D6784ABD0B5}.Release|iPhone.Build.0 = Release|Any CPU
		{33235431-E740-47EE-A9B4-4D6784ABD0B5}.Release|iPhoneSimulator.ActiveCfg = Release|Any CPU
		{33235431-E740-47EE-A9B4-4D6784ABD0B5}.Release|iPhoneSimulator.Build.0 = Release|Any CPU
		{33235431-E740-47EE-A9B4-4D6784ABD0B5}.Release|x64.ActiveCfg = Release|Any CPU
		{33235431-E740-47EE-A9B4-4D6784ABD0B5}.Release|x64.Build.0 = Release|Any CPU
		{33235431-E740-47EE-A9B4-4D6784ABD0B5}.Release|x86.ActiveCfg = Release|Any CPU
		{33235431-E740-47EE-A9B4-4D6784ABD0B5}.Release|x86.Build.0 = Release|Any CPU
		{E78C385F-576E-4997-8369-593BD6FA5122}.Debug|Any CPU.ActiveCfg = Debug|Any CPU
		{E78C385F-576E-4997-8369-593BD6FA5122}.Debug|Any CPU.Build.0 = Debug|Any CPU
		{E78C385F-576E-4997-8369-593BD6FA5122}.Debug|ARM.ActiveCfg = Debug|Any CPU
		{E78C385F-576E-4997-8369-593BD6FA5122}.Debug|ARM.Build.0 = Debug|Any CPU
		{E78C385F-576E-4997-8369-593BD6FA5122}.Debug|iPhone.ActiveCfg = Debug|Any CPU
		{E78C385F-576E-4997-8369-593BD6FA5122}.Debug|iPhone.Build.0 = Debug|Any CPU
		{E78C385F-576E-4997-8369-593BD6FA5122}.Debug|iPhoneSimulator.ActiveCfg = Debug|Any CPU
		{E78C385F-576E-4997-8369-593BD6FA5122}.Debug|iPhoneSimulator.Build.0 = Debug|Any CPU
		{E78C385F-576E-4997-8369-593BD6FA5122}.Debug|x64.ActiveCfg = Debug|Any CPU
		{E78C385F-576E-4997-8369-593BD6FA5122}.Debug|x64.Build.0 = Debug|Any CPU
		{E78C385F-576E-4997-8369-593BD6FA5122}.Debug|x86.ActiveCfg = Debug|Any CPU
		{E78C385F-576E-4997-8369-593BD6FA5122}.Debug|x86.Build.0 = Debug|Any CPU
		{E78C385F-576E-4997-8369-593BD6FA5122}.Release|Any CPU.ActiveCfg = Release|Any CPU
		{E78C385F-576E-4997-8369-593BD6FA5122}.Release|Any CPU.Build.0 = Release|Any CPU
		{E78C385F-576E-4997-8369-593BD6FA5122}.Release|ARM.ActiveCfg = Release|Any CPU
		{E78C385F-576E-4997-8369-593BD6FA5122}.Release|ARM.Build.0 = Release|Any CPU
		{E78C385F-576E-4997-8369-593BD6FA5122}.Release|iPhone.ActiveCfg = Release|Any CPU
		{E78C385F-576E-4997-8369-593BD6FA5122}.Release|iPhone.Build.0 = Release|Any CPU
		{E78C385F-576E-4997-8369-593BD6FA5122}.Release|iPhoneSimulator.ActiveCfg = Release|Any CPU
		{E78C385F-576E-4997-8369-593BD6FA5122}.Release|iPhoneSimulator.Build.0 = Release|Any CPU
		{E78C385F-576E-4997-8369-593BD6FA5122}.Release|x64.ActiveCfg = Release|Any CPU
		{E78C385F-576E-4997-8369-593BD6FA5122}.Release|x64.Build.0 = Release|Any CPU
		{E78C385F-576E-4997-8369-593BD6FA5122}.Release|x86.ActiveCfg = Release|Any CPU
		{E78C385F-576E-4997-8369-593BD6FA5122}.Release|x86.Build.0 = Release|Any CPU
		{75A9444A-E5AD-4D22-BF32-6355A7D31E27}.Debug|Any CPU.ActiveCfg = Debug|Any CPU
		{75A9444A-E5AD-4D22-BF32-6355A7D31E27}.Debug|Any CPU.Build.0 = Debug|Any CPU
		{75A9444A-E5AD-4D22-BF32-6355A7D31E27}.Debug|ARM.ActiveCfg = Debug|Any CPU
		{75A9444A-E5AD-4D22-BF32-6355A7D31E27}.Debug|ARM.Build.0 = Debug|Any CPU
		{75A9444A-E5AD-4D22-BF32-6355A7D31E27}.Debug|iPhone.ActiveCfg = Debug|Any CPU
		{75A9444A-E5AD-4D22-BF32-6355A7D31E27}.Debug|iPhone.Build.0 = Debug|Any CPU
		{75A9444A-E5AD-4D22-BF32-6355A7D31E27}.Debug|iPhoneSimulator.ActiveCfg = Debug|Any CPU
		{75A9444A-E5AD-4D22-BF32-6355A7D31E27}.Debug|iPhoneSimulator.Build.0 = Debug|Any CPU
		{75A9444A-E5AD-4D22-BF32-6355A7D31E27}.Debug|x64.ActiveCfg = Debug|Any CPU
		{75A9444A-E5AD-4D22-BF32-6355A7D31E27}.Debug|x64.Build.0 = Debug|Any CPU
		{75A9444A-E5AD-4D22-BF32-6355A7D31E27}.Debug|x86.ActiveCfg = Debug|Any CPU
		{75A9444A-E5AD-4D22-BF32-6355A7D31E27}.Debug|x86.Build.0 = Debug|Any CPU
		{75A9444A-E5AD-4D22-BF32-6355A7D31E27}.Release|Any CPU.ActiveCfg = Release|Any CPU
		{75A9444A-E5AD-4D22-BF32-6355A7D31E27}.Release|Any CPU.Build.0 = Release|Any CPU
		{75A9444A-E5AD-4D22-BF32-6355A7D31E27}.Release|ARM.ActiveCfg = Release|Any CPU
		{75A9444A-E5AD-4D22-BF32-6355A7D31E27}.Release|ARM.Build.0 = Release|Any CPU
		{75A9444A-E5AD-4D22-BF32-6355A7D31E27}.Release|iPhone.ActiveCfg = Release|Any CPU
		{75A9444A-E5AD-4D22-BF32-6355A7D31E27}.Release|iPhone.Build.0 = Release|Any CPU
		{75A9444A-E5AD-4D22-BF32-6355A7D31E27}.Release|iPhoneSimulator.ActiveCfg = Release|Any CPU
		{75A9444A-E5AD-4D22-BF32-6355A7D31E27}.Release|iPhoneSimulator.Build.0 = Release|Any CPU
		{75A9444A-E5AD-4D22-BF32-6355A7D31E27}.Release|x64.ActiveCfg = Release|Any CPU
		{75A9444A-E5AD-4D22-BF32-6355A7D31E27}.Release|x64.Build.0 = Release|Any CPU
		{75A9444A-E5AD-4D22-BF32-6355A7D31E27}.Release|x86.ActiveCfg = Release|Any CPU
		{75A9444A-E5AD-4D22-BF32-6355A7D31E27}.Release|x86.Build.0 = Release|Any CPU
		{69D1ADCF-47BC-4924-92CB-5B1E4CFC3781}.Debug|Any CPU.ActiveCfg = Debug|Any CPU
		{69D1ADCF-47BC-4924-92CB-5B1E4CFC3781}.Debug|Any CPU.Build.0 = Debug|Any CPU
		{69D1ADCF-47BC-4924-92CB-5B1E4CFC3781}.Debug|ARM.ActiveCfg = Debug|Any CPU
		{69D1ADCF-47BC-4924-92CB-5B1E4CFC3781}.Debug|ARM.Build.0 = Debug|Any CPU
		{69D1ADCF-47BC-4924-92CB-5B1E4CFC3781}.Debug|iPhone.ActiveCfg = Debug|Any CPU
		{69D1ADCF-47BC-4924-92CB-5B1E4CFC3781}.Debug|iPhone.Build.0 = Debug|Any CPU
		{69D1ADCF-47BC-4924-92CB-5B1E4CFC3781}.Debug|iPhoneSimulator.ActiveCfg = Debug|Any CPU
		{69D1ADCF-47BC-4924-92CB-5B1E4CFC3781}.Debug|iPhoneSimulator.Build.0 = Debug|Any CPU
		{69D1ADCF-47BC-4924-92CB-5B1E4CFC3781}.Debug|x64.ActiveCfg = Debug|Any CPU
		{69D1ADCF-47BC-4924-92CB-5B1E4CFC3781}.Debug|x64.Build.0 = Debug|Any CPU
		{69D1ADCF-47BC-4924-92CB-5B1E4CFC3781}.Debug|x86.ActiveCfg = Debug|Any CPU
		{69D1ADCF-47BC-4924-92CB-5B1E4CFC3781}.Debug|x86.Build.0 = Debug|Any CPU
		{69D1ADCF-47BC-4924-92CB-5B1E4CFC3781}.Release|Any CPU.ActiveCfg = Release|Any CPU
		{69D1ADCF-47BC-4924-92CB-5B1E4CFC3781}.Release|Any CPU.Build.0 = Release|Any CPU
		{69D1ADCF-47BC-4924-92CB-5B1E4CFC3781}.Release|ARM.ActiveCfg = Release|Any CPU
		{69D1ADCF-47BC-4924-92CB-5B1E4CFC3781}.Release|ARM.Build.0 = Release|Any CPU
		{69D1ADCF-47BC-4924-92CB-5B1E4CFC3781}.Release|iPhone.ActiveCfg = Release|Any CPU
		{69D1ADCF-47BC-4924-92CB-5B1E4CFC3781}.Release|iPhone.Build.0 = Release|Any CPU
		{69D1ADCF-47BC-4924-92CB-5B1E4CFC3781}.Release|iPhoneSimulator.ActiveCfg = Release|Any CPU
		{69D1ADCF-47BC-4924-92CB-5B1E4CFC3781}.Release|iPhoneSimulator.Build.0 = Release|Any CPU
		{69D1ADCF-47BC-4924-92CB-5B1E4CFC3781}.Release|x64.ActiveCfg = Release|Any CPU
		{69D1ADCF-47BC-4924-92CB-5B1E4CFC3781}.Release|x64.Build.0 = Release|Any CPU
		{69D1ADCF-47BC-4924-92CB-5B1E4CFC3781}.Release|x86.ActiveCfg = Release|Any CPU
		{69D1ADCF-47BC-4924-92CB-5B1E4CFC3781}.Release|x86.Build.0 = Release|Any CPU
		{454A0090-37D6-4E45-9FB4-3B60D7115ACD}.Debug|Any CPU.ActiveCfg = Debug|Any CPU
		{454A0090-37D6-4E45-9FB4-3B60D7115ACD}.Debug|Any CPU.Build.0 = Debug|Any CPU
		{454A0090-37D6-4E45-9FB4-3B60D7115ACD}.Debug|ARM.ActiveCfg = Debug|Any CPU
		{454A0090-37D6-4E45-9FB4-3B60D7115ACD}.Debug|ARM.Build.0 = Debug|Any CPU
		{454A0090-37D6-4E45-9FB4-3B60D7115ACD}.Debug|iPhone.ActiveCfg = Debug|Any CPU
		{454A0090-37D6-4E45-9FB4-3B60D7115ACD}.Debug|iPhone.Build.0 = Debug|Any CPU
		{454A0090-37D6-4E45-9FB4-3B60D7115ACD}.Debug|iPhoneSimulator.ActiveCfg = Debug|Any CPU
		{454A0090-37D6-4E45-9FB4-3B60D7115ACD}.Debug|iPhoneSimulator.Build.0 = Debug|Any CPU
		{454A0090-37D6-4E45-9FB4-3B60D7115ACD}.Debug|x64.ActiveCfg = Debug|Any CPU
		{454A0090-37D6-4E45-9FB4-3B60D7115ACD}.Debug|x64.Build.0 = Debug|Any CPU
		{454A0090-37D6-4E45-9FB4-3B60D7115ACD}.Debug|x86.ActiveCfg = Debug|Any CPU
		{454A0090-37D6-4E45-9FB4-3B60D7115ACD}.Debug|x86.Build.0 = Debug|Any CPU
		{454A0090-37D6-4E45-9FB4-3B60D7115ACD}.Release|Any CPU.ActiveCfg = Release|Any CPU
		{454A0090-37D6-4E45-9FB4-3B60D7115ACD}.Release|Any CPU.Build.0 = Release|Any CPU
		{454A0090-37D6-4E45-9FB4-3B60D7115ACD}.Release|ARM.ActiveCfg = Release|Any CPU
		{454A0090-37D6-4E45-9FB4-3B60D7115ACD}.Release|ARM.Build.0 = Release|Any CPU
		{454A0090-37D6-4E45-9FB4-3B60D7115ACD}.Release|iPhone.ActiveCfg = Release|Any CPU
		{454A0090-37D6-4E45-9FB4-3B60D7115ACD}.Release|iPhone.Build.0 = Release|Any CPU
		{454A0090-37D6-4E45-9FB4-3B60D7115ACD}.Release|iPhoneSimulator.ActiveCfg = Release|Any CPU
		{454A0090-37D6-4E45-9FB4-3B60D7115ACD}.Release|iPhoneSimulator.Build.0 = Release|Any CPU
		{454A0090-37D6-4E45-9FB4-3B60D7115ACD}.Release|x64.ActiveCfg = Release|Any CPU
		{454A0090-37D6-4E45-9FB4-3B60D7115ACD}.Release|x64.Build.0 = Release|Any CPU
		{454A0090-37D6-4E45-9FB4-3B60D7115ACD}.Release|x86.ActiveCfg = Release|Any CPU
		{454A0090-37D6-4E45-9FB4-3B60D7115ACD}.Release|x86.Build.0 = Release|Any CPU
		{5C4A71F0-59C7-46BF-A6ED-3B54964072D2}.Debug|Any CPU.ActiveCfg = Debug|Any CPU
		{5C4A71F0-59C7-46BF-A6ED-3B54964072D2}.Debug|Any CPU.Build.0 = Debug|Any CPU
		{5C4A71F0-59C7-46BF-A6ED-3B54964072D2}.Debug|ARM.ActiveCfg = Debug|Any CPU
		{5C4A71F0-59C7-46BF-A6ED-3B54964072D2}.Debug|ARM.Build.0 = Debug|Any CPU
		{5C4A71F0-59C7-46BF-A6ED-3B54964072D2}.Debug|iPhone.ActiveCfg = Debug|Any CPU
		{5C4A71F0-59C7-46BF-A6ED-3B54964072D2}.Debug|iPhone.Build.0 = Debug|Any CPU
		{5C4A71F0-59C7-46BF-A6ED-3B54964072D2}.Debug|iPhoneSimulator.ActiveCfg = Debug|Any CPU
		{5C4A71F0-59C7-46BF-A6ED-3B54964072D2}.Debug|iPhoneSimulator.Build.0 = Debug|Any CPU
		{5C4A71F0-59C7-46BF-A6ED-3B54964072D2}.Debug|x64.ActiveCfg = Debug|Any CPU
		{5C4A71F0-59C7-46BF-A6ED-3B54964072D2}.Debug|x64.Build.0 = Debug|Any CPU
		{5C4A71F0-59C7-46BF-A6ED-3B54964072D2}.Debug|x86.ActiveCfg = Debug|Any CPU
		{5C4A71F0-59C7-46BF-A6ED-3B54964072D2}.Debug|x86.Build.0 = Debug|Any CPU
		{5C4A71F0-59C7-46BF-A6ED-3B54964072D2}.Release|Any CPU.ActiveCfg = Release|Any CPU
		{5C4A71F0-59C7-46BF-A6ED-3B54964072D2}.Release|Any CPU.Build.0 = Release|Any CPU
		{5C4A71F0-59C7-46BF-A6ED-3B54964072D2}.Release|ARM.ActiveCfg = Release|Any CPU
		{5C4A71F0-59C7-46BF-A6ED-3B54964072D2}.Release|ARM.Build.0 = Release|Any CPU
		{5C4A71F0-59C7-46BF-A6ED-3B54964072D2}.Release|iPhone.ActiveCfg = Release|Any CPU
		{5C4A71F0-59C7-46BF-A6ED-3B54964072D2}.Release|iPhone.Build.0 = Release|Any CPU
		{5C4A71F0-59C7-46BF-A6ED-3B54964072D2}.Release|iPhoneSimulator.ActiveCfg = Release|Any CPU
		{5C4A71F0-59C7-46BF-A6ED-3B54964072D2}.Release|iPhoneSimulator.Build.0 = Release|Any CPU
		{5C4A71F0-59C7-46BF-A6ED-3B54964072D2}.Release|x64.ActiveCfg = Release|Any CPU
		{5C4A71F0-59C7-46BF-A6ED-3B54964072D2}.Release|x64.Build.0 = Release|Any CPU
		{5C4A71F0-59C7-46BF-A6ED-3B54964072D2}.Release|x86.ActiveCfg = Release|Any CPU
		{5C4A71F0-59C7-46BF-A6ED-3B54964072D2}.Release|x86.Build.0 = Release|Any CPU
		{1FAB58CD-DD98-4AF1-A1FC-313990A336EC}.Debug|Any CPU.ActiveCfg = Debug|Any CPU
		{1FAB58CD-DD98-4AF1-A1FC-313990A336EC}.Debug|Any CPU.Build.0 = Debug|Any CPU
		{1FAB58CD-DD98-4AF1-A1FC-313990A336EC}.Debug|ARM.ActiveCfg = Debug|Any CPU
		{1FAB58CD-DD98-4AF1-A1FC-313990A336EC}.Debug|ARM.Build.0 = Debug|Any CPU
		{1FAB58CD-DD98-4AF1-A1FC-313990A336EC}.Debug|iPhone.ActiveCfg = Debug|Any CPU
		{1FAB58CD-DD98-4AF1-A1FC-313990A336EC}.Debug|iPhone.Build.0 = Debug|Any CPU
		{1FAB58CD-DD98-4AF1-A1FC-313990A336EC}.Debug|iPhoneSimulator.ActiveCfg = Debug|Any CPU
		{1FAB58CD-DD98-4AF1-A1FC-313990A336EC}.Debug|iPhoneSimulator.Build.0 = Debug|Any CPU
		{1FAB58CD-DD98-4AF1-A1FC-313990A336EC}.Debug|x64.ActiveCfg = Debug|Any CPU
		{1FAB58CD-DD98-4AF1-A1FC-313990A336EC}.Debug|x64.Build.0 = Debug|Any CPU
		{1FAB58CD-DD98-4AF1-A1FC-313990A336EC}.Debug|x86.ActiveCfg = Debug|Any CPU
		{1FAB58CD-DD98-4AF1-A1FC-313990A336EC}.Debug|x86.Build.0 = Debug|Any CPU
		{1FAB58CD-DD98-4AF1-A1FC-313990A336EC}.Release|Any CPU.ActiveCfg = Release|Any CPU
		{1FAB58CD-DD98-4AF1-A1FC-313990A336EC}.Release|Any CPU.Build.0 = Release|Any CPU
		{1FAB58CD-DD98-4AF1-A1FC-313990A336EC}.Release|ARM.ActiveCfg = Release|Any CPU
		{1FAB58CD-DD98-4AF1-A1FC-313990A336EC}.Release|ARM.Build.0 = Release|Any CPU
		{1FAB58CD-DD98-4AF1-A1FC-313990A336EC}.Release|iPhone.ActiveCfg = Release|Any CPU
		{1FAB58CD-DD98-4AF1-A1FC-313990A336EC}.Release|iPhone.Build.0 = Release|Any CPU
		{1FAB58CD-DD98-4AF1-A1FC-313990A336EC}.Release|iPhoneSimulator.ActiveCfg = Release|Any CPU
		{1FAB58CD-DD98-4AF1-A1FC-313990A336EC}.Release|iPhoneSimulator.Build.0 = Release|Any CPU
		{1FAB58CD-DD98-4AF1-A1FC-313990A336EC}.Release|x64.ActiveCfg = Release|Any CPU
		{1FAB58CD-DD98-4AF1-A1FC-313990A336EC}.Release|x64.Build.0 = Release|Any CPU
		{1FAB58CD-DD98-4AF1-A1FC-313990A336EC}.Release|x86.ActiveCfg = Release|Any CPU
		{1FAB58CD-DD98-4AF1-A1FC-313990A336EC}.Release|x86.Build.0 = Release|Any CPU
		{3AAD4D69-9355-4838-B375-AEA19CAAD589}.Debug|Any CPU.ActiveCfg = Debug|Any CPU
		{3AAD4D69-9355-4838-B375-AEA19CAAD589}.Debug|Any CPU.Build.0 = Debug|Any CPU
		{3AAD4D69-9355-4838-B375-AEA19CAAD589}.Debug|ARM.ActiveCfg = Debug|Any CPU
		{3AAD4D69-9355-4838-B375-AEA19CAAD589}.Debug|ARM.Build.0 = Debug|Any CPU
		{3AAD4D69-9355-4838-B375-AEA19CAAD589}.Debug|iPhone.ActiveCfg = Debug|Any CPU
		{3AAD4D69-9355-4838-B375-AEA19CAAD589}.Debug|iPhone.Build.0 = Debug|Any CPU
		{3AAD4D69-9355-4838-B375-AEA19CAAD589}.Debug|iPhoneSimulator.ActiveCfg = Debug|Any CPU
		{3AAD4D69-9355-4838-B375-AEA19CAAD589}.Debug|iPhoneSimulator.Build.0 = Debug|Any CPU
		{3AAD4D69-9355-4838-B375-AEA19CAAD589}.Debug|x64.ActiveCfg = Debug|Any CPU
		{3AAD4D69-9355-4838-B375-AEA19CAAD589}.Debug|x64.Build.0 = Debug|Any CPU
		{3AAD4D69-9355-4838-B375-AEA19CAAD589}.Debug|x86.ActiveCfg = Debug|Any CPU
		{3AAD4D69-9355-4838-B375-AEA19CAAD589}.Debug|x86.Build.0 = Debug|Any CPU
		{3AAD4D69-9355-4838-B375-AEA19CAAD589}.Release|Any CPU.ActiveCfg = Release|Any CPU
		{3AAD4D69-9355-4838-B375-AEA19CAAD589}.Release|Any CPU.Build.0 = Release|Any CPU
		{3AAD4D69-9355-4838-B375-AEA19CAAD589}.Release|ARM.ActiveCfg = Release|Any CPU
		{3AAD4D69-9355-4838-B375-AEA19CAAD589}.Release|ARM.Build.0 = Release|Any CPU
		{3AAD4D69-9355-4838-B375-AEA19CAAD589}.Release|iPhone.ActiveCfg = Release|Any CPU
		{3AAD4D69-9355-4838-B375-AEA19CAAD589}.Release|iPhone.Build.0 = Release|Any CPU
		{3AAD4D69-9355-4838-B375-AEA19CAAD589}.Release|iPhoneSimulator.ActiveCfg = Release|Any CPU
		{3AAD4D69-9355-4838-B375-AEA19CAAD589}.Release|iPhoneSimulator.Build.0 = Release|Any CPU
		{3AAD4D69-9355-4838-B375-AEA19CAAD589}.Release|x64.ActiveCfg = Release|Any CPU
		{3AAD4D69-9355-4838-B375-AEA19CAAD589}.Release|x64.Build.0 = Release|Any CPU
		{3AAD4D69-9355-4838-B375-AEA19CAAD589}.Release|x86.ActiveCfg = Release|Any CPU
		{3AAD4D69-9355-4838-B375-AEA19CAAD589}.Release|x86.Build.0 = Release|Any CPU
		{43152E68-A732-48AA-B0CA-3FC3480A5201}.Debug|Any CPU.ActiveCfg = Debug|Any CPU
		{43152E68-A732-48AA-B0CA-3FC3480A5201}.Debug|Any CPU.Build.0 = Debug|Any CPU
		{43152E68-A732-48AA-B0CA-3FC3480A5201}.Debug|ARM.ActiveCfg = Debug|Any CPU
		{43152E68-A732-48AA-B0CA-3FC3480A5201}.Debug|ARM.Build.0 = Debug|Any CPU
		{43152E68-A732-48AA-B0CA-3FC3480A5201}.Debug|iPhone.ActiveCfg = Debug|Any CPU
		{43152E68-A732-48AA-B0CA-3FC3480A5201}.Debug|iPhone.Build.0 = Debug|Any CPU
		{43152E68-A732-48AA-B0CA-3FC3480A5201}.Debug|iPhoneSimulator.ActiveCfg = Debug|Any CPU
		{43152E68-A732-48AA-B0CA-3FC3480A5201}.Debug|iPhoneSimulator.Build.0 = Debug|Any CPU
		{43152E68-A732-48AA-B0CA-3FC3480A5201}.Debug|x64.ActiveCfg = Debug|Any CPU
		{43152E68-A732-48AA-B0CA-3FC3480A5201}.Debug|x64.Build.0 = Debug|Any CPU
		{43152E68-A732-48AA-B0CA-3FC3480A5201}.Debug|x86.ActiveCfg = Debug|Any CPU
		{43152E68-A732-48AA-B0CA-3FC3480A5201}.Debug|x86.Build.0 = Debug|Any CPU
		{43152E68-A732-48AA-B0CA-3FC3480A5201}.Release|Any CPU.ActiveCfg = Release|Any CPU
		{43152E68-A732-48AA-B0CA-3FC3480A5201}.Release|Any CPU.Build.0 = Release|Any CPU
		{43152E68-A732-48AA-B0CA-3FC3480A5201}.Release|ARM.ActiveCfg = Release|Any CPU
		{43152E68-A732-48AA-B0CA-3FC3480A5201}.Release|ARM.Build.0 = Release|Any CPU
		{43152E68-A732-48AA-B0CA-3FC3480A5201}.Release|iPhone.ActiveCfg = Release|Any CPU
		{43152E68-A732-48AA-B0CA-3FC3480A5201}.Release|iPhone.Build.0 = Release|Any CPU
		{43152E68-A732-48AA-B0CA-3FC3480A5201}.Release|iPhoneSimulator.ActiveCfg = Release|Any CPU
		{43152E68-A732-48AA-B0CA-3FC3480A5201}.Release|iPhoneSimulator.Build.0 = Release|Any CPU
		{43152E68-A732-48AA-B0CA-3FC3480A5201}.Release|x64.ActiveCfg = Release|Any CPU
		{43152E68-A732-48AA-B0CA-3FC3480A5201}.Release|x64.Build.0 = Release|Any CPU
		{43152E68-A732-48AA-B0CA-3FC3480A5201}.Release|x86.ActiveCfg = Release|Any CPU
		{43152E68-A732-48AA-B0CA-3FC3480A5201}.Release|x86.Build.0 = Release|Any CPU
	EndGlobalSection
	GlobalSection(SolutionProperties) = preSolution
		HideSolutionNode = FALSE
	EndGlobalSection
	GlobalSection(NestedProjects) = preSolution
		{75A9444A-E5AD-4D22-BF32-6355A7D31E27} = {4F7B19B9-D897-483B-8941-26D7479BCF83}
		{69D1ADCF-47BC-4924-92CB-5B1E4CFC3781} = {4F7B19B9-D897-483B-8941-26D7479BCF83}
		{9B14D3BC-8C01-4DFC-AC6F-20563070D970} = {4F7B19B9-D897-483B-8941-26D7479BCF83}
		{454A0090-37D6-4E45-9FB4-3B60D7115ACD} = {9B14D3BC-8C01-4DFC-AC6F-20563070D970}
		{5C4A71F0-59C7-46BF-A6ED-3B54964072D2} = {9B14D3BC-8C01-4DFC-AC6F-20563070D970}
		{73BDD3D8-7F56-43CE-B9ED-5D13A1032645} = {4F7B19B9-D897-483B-8941-26D7479BCF83}
		{1FAB58CD-DD98-4AF1-A1FC-313990A336EC} = {73BDD3D8-7F56-43CE-B9ED-5D13A1032645}
		{3AAD4D69-9355-4838-B375-AEA19CAAD589} = {73BDD3D8-7F56-43CE-B9ED-5D13A1032645}
		{43152E68-A732-48AA-B0CA-3FC3480A5201} = {73BDD3D8-7F56-43CE-B9ED-5D13A1032645}
	EndGlobalSection
	GlobalSection(ExtensibilityGlobals) = postSolution
		SolutionGuid = {C1EC4545-DDDE-4A6C-8250-0EB5D6825ED0}
	EndGlobalSection
EndGlobal
