
Microsoft Visual Studio Solution File, Format Version 12.00
# Visual Studio Version 16
VisualStudioVersion = 16.0.30711.63
MinimumVisualStudioVersion = 10.0.40219.1
Project("{FAE04EC0-301F-11D3-BF4B-00C04F79EFBC}") = "honeypot.server", "honeypot.server\honeypot.server.csproj", "{85FE0619-6BA3-4777-BD67-0AC833DA37F4}"
EndProject
Project("{FAE04EC0-301F-11D3-BF4B-00C04F79EFBC}") = "honeypot.mobile.UWP", "honeypot.mobile\honeypot.mobile.UWP\honeypot.mobile.UWP.csproj", "{418A9F81-9CDD-49ED-84D3-8B77A9E8B72E}"
EndProject
Project("{FAE04EC0-301F-11D3-BF4B-00C04F79EFBC}") = "honeypot.mobile.Android", "honeypot.mobile\honeypot.mobile.Android\honeypot.mobile.Android.csproj", "{E10F79EA-053D-44CD-A8C8-1070D1859B2F}"
EndProject
Project("{FAE04EC0-301F-11D3-BF4B-00C04F79EFBC}") = "honeypot.mobile.iOS", "honeypot.mobile\honeypot.mobile.iOS\honeypot.mobile.iOS.csproj", "{89055559-D8AE-4F9B-BCF0-FDA8D52E0098}"
EndProject
Project("{FAE04EC0-301F-11D3-BF4B-00C04F79EFBC}") = "honeypot.mobile", "honeypot.mobile\honeypot.mobile\honeypot.mobile.csproj", "{33235431-E740-47EE-A9B4-4D6784ABD0B5}"
EndProject
Project("{FAE04EC0-301F-11D3-BF4B-00C04F79EFBC}") = "honeypot.data.shared", "honeypot.data.shared\honeypot.data.shared.csproj", "{E78C385F-576E-4997-8369-593BD6FA5122}"
EndProject
Global
	GlobalSection(SolutionConfigurationPlatforms) = preSolution
		Debug|Any CPU = Debug|Any CPU
		Debug|ARM = Debug|ARM
		Debug|iPhone = Debug|iPhone
		Debug|iPhoneSimulator = Debug|iPhoneSimulator
		Debug|x64 = Debug|x64
		Debug|x86 = Debug|x86
		Release|Any CPU = Release|Any CPU
		Release|ARM = Release|ARM
		Release|iPhone = Release|iPhone
		Release|iPhoneSimulator = Release|iPhoneSimulator
		Release|x64 = Release|x64
		Release|x86 = Release|x86
	EndGlobalSection
	GlobalSection(ProjectConfigurationPlatforms) = postSolution
		{85FE0619-6BA3-4777-BD67-0AC833DA37F4}.Debug|Any CPU.ActiveCfg = Debug|Any CPU
		{85FE0619-6BA3-4777-BD67-0AC833DA37F4}.Debug|Any CPU.Build.0 = Debug|Any CPU
		{85FE0619-6BA3-4777-BD67-0AC833DA37F4}.Debug|ARM.ActiveCfg = Debug|Any CPU
		{85FE0619-6BA3-4777-BD67-0AC833DA37F4}.Debug|ARM.Build.0 = Debug|Any CPU
		{85FE0619-6BA3-4777-BD67-0AC833DA37F4}.Debug|iPhone.ActiveCfg = Debug|Any CPU
		{85FE0619-6BA3-4777-BD67-0AC833DA37F4}.Debug|iPhone.Build.0 = Debug|Any CPU
		{85FE0619-6BA3-4777-BD67-0AC833DA37F4}.Debug|iPhoneSimulator.ActiveCfg = Debug|Any CPU
		{85FE0619-6BA3-4777-BD67-0AC833DA37F4}.Debug|iPhoneSimulator.Build.0 = Debug|Any CPU
		{85FE0619-6BA3-4777-BD67-0AC833DA37F4}.Debug|x64.ActiveCfg = Debug|Any CPU
		{85FE0619-6BA3-4777-BD67-0AC833DA37F4}.Debug|x64.Build.0 = Debug|Any CPU
		{85FE0619-6BA3-4777-BD67-0AC833DA37F4}.Debug|x86.ActiveCfg = Debug|Any CPU
		{85FE0619-6BA3-4777-BD67-0AC833DA37F4}.Debug|x86.Build.0 = Debug|Any CPU
		{85FE0619-6BA3-4777-BD67-0AC833DA37F4}.Release|Any CPU.ActiveCfg = Release|Any CPU
		{85FE0619-6BA3-4777-BD67-0AC833DA37F4}.Release|Any CPU.Build.0 = Release|Any CPU
		{85FE0619-6BA3-4777-BD67-0AC833DA37F4}.Release|ARM.ActiveCfg = Release|Any CPU
		{85FE0619-6BA3-4777-BD67-0AC833DA37F4}.Release|ARM.Build.0 = Release|Any CPU
		{85FE0619-6BA3-4777-BD67-0AC833DA37F4}.Release|iPhone.ActiveCfg = Release|Any CPU
		{85FE0619-6BA3-4777-BD67-0AC833DA37F4}.Release|iPhone.Build.0 = Release|Any CPU
		{85FE0619-6BA3-4777-BD67-0AC833DA37F4}.Release|iPhoneSimulator.ActiveCfg = Release|Any CPU
		{85FE0619-6BA3-4777-BD67-0AC833DA37F4}.Release|iPhoneSimulator.Build.0 = Release|Any CPU
		{85FE0619-6BA3-4777-BD67-0AC833DA37F4}.Release|x64.ActiveCfg = Release|Any CPU
		{85FE0619-6BA3-4777-BD67-0AC833DA37F4}.Release|x64.Build.0 = Release|Any CPU
		{85FE0619-6BA3-4777-BD67-0AC833DA37F4}.Release|x86.ActiveCfg = Release|Any CPU
		{85FE0619-6BA3-4777-BD67-0AC833DA37F4}.Release|x86.Build.0 = Release|Any CPU
		{418A9F81-9CDD-49ED-84D3-8B77A9E8B72E}.Debug|Any CPU.ActiveCfg = Debug|x86
		{418A9F81-9CDD-49ED-84D3-8B77A9E8B72E}.Debug|ARM.ActiveCfg = Debug|ARM
		{418A9F81-9CDD-49ED-84D3-8B77A9E8B72E}.Debug|ARM.Build.0 = Debug|ARM
		{418A9F81-9CDD-49ED-84D3-8B77A9E8B72E}.Debug|ARM.Deploy.0 = Debug|ARM
		{418A9F81-9CDD-49ED-84D3-8B77A9E8B72E}.Debug|iPhone.ActiveCfg = Debug|x86
		{418A9F81-9CDD-49ED-84D3-8B77A9E8B72E}.Debug|iPhoneSimulator.ActiveCfg = Debug|x86
		{418A9F81-9CDD-49ED-84D3-8B77A9E8B72E}.Debug|x64.ActiveCfg = Debug|x64
		{418A9F81-9CDD-49ED-84D3-8B77A9E8B72E}.Debug|x64.Build.0 = Debug|x64
		{418A9F81-9CDD-49ED-84D3-8B77A9E8B72E}.Debug|x64.Deploy.0 = Debug|x64
		{418A9F81-9CDD-49ED-84D3-8B77A9E8B72E}.Debug|x86.ActiveCfg = Debug|x86
		{418A9F81-9CDD-49ED-84D3-8B77A9E8B72E}.Debug|x86.Build.0 = Debug|x86
		{418A9F81-9CDD-49ED-84D3-8B77A9E8B72E}.Debug|x86.Deploy.0 = Debug|x86
		{418A9F81-9CDD-49ED-84D3-8B77A9E8B72E}.Release|Any CPU.ActiveCfg = Release|x86
		{418A9F81-9CDD-49ED-84D3-8B77A9E8B72E}.Release|ARM.ActiveCfg = Release|ARM
		{418A9F81-9CDD-49ED-84D3-8B77A9E8B72E}.Release|ARM.Build.0 = Release|ARM
		{418A9F81-9CDD-49ED-84D3-8B77A9E8B72E}.Release|ARM.Deploy.0 = Release|ARM
		{418A9F81-9CDD-49ED-84D3-8B77A9E8B72E}.Release|iPhone.ActiveCfg = Release|x86
		{418A9F81-9CDD-49ED-84D3-8B77A9E8B72E}.Release|iPhoneSimulator.ActiveCfg = Release|x86
		{418A9F81-9CDD-49ED-84D3-8B77A9E8B72E}.Release|x64.ActiveCfg = Release|x64
		{418A9F81-9CDD-49ED-84D3-8B77A9E8B72E}.Release|x64.Build.0 = Release|x64
		{418A9F81-9CDD-49ED-84D3-8B77A9E8B72E}.Release|x64.Deploy.0 = Release|x64
		{418A9F81-9CDD-49ED-84D3-8B77A9E8B72E}.Release|x86.ActiveCfg = Release|x86
		{418A9F81-9CDD-49ED-84D3-8B77A9E8B72E}.Release|x86.Build.0 = Release|x86
		{418A9F81-9CDD-49ED-84D3-8B77A9E8B72E}.Release|x86.Deploy.0 = Release|x86
		{E10F79EA-053D-44CD-A8C8-1070D1859B2F}.Debug|Any CPU.ActiveCfg = Debug|Any CPU
		{E10F79EA-053D-44CD-A8C8-1070D1859B2F}.Debug|Any CPU.Build.0 = Debug|Any CPU
		{E10F79EA-053D-44CD-A8C8-1070D1859B2F}.Debug|Any CPU.Deploy.0 = Debug|Any CPU
		{E10F79EA-053D-44CD-A8C8-1070D1859B2F}.Debug|ARM.ActiveCfg = Debug|Any CPU
		{E10F79EA-053D-44CD-A8C8-1070D1859B2F}.Debug|ARM.Build.0 = Debug|Any CPU
		{E10F79EA-053D-44CD-A8C8-1070D1859B2F}.Debug|ARM.Deploy.0 = Debug|Any CPU
		{E10F79EA-053D-44CD-A8C8-1070D1859B2F}.Debug|iPhone.ActiveCfg = Debug|Any CPU
		{E10F79EA-053D-44CD-A8C8-1070D1859B2F}.Debug|iPhone.Build.0 = Debug|Any CPU
		{E10F79EA-053D-44CD-A8C8-1070D1859B2F}.Debug|iPhone.Deploy.0 = Debug|Any CPU
		{E10F79EA-053D-44CD-A8C8-1070D1859B2F}.Debug|iPhoneSimulator.ActiveCfg = Debug|Any CPU
		{E10F79EA-053D-44CD-A8C8-1070D1859B2F}.Debug|iPhoneSimulator.Build.0 = Debug|Any CPU
		{E10F79EA-053D-44CD-A8C8-1070D1859B2F}.Debug|iPhoneSimulator.Deploy.0 = Debug|Any CPU
		{E10F79EA-053D-44CD-A8C8-1070D1859B2F}.Debug|x64.ActiveCfg = Debug|Any CPU
		{E10F79EA-053D-44CD-A8C8-1070D1859B2F}.Debug|x64.Build.0 = Debug|Any CPU
		{E10F79EA-053D-44CD-A8C8-1070D1859B2F}.Debug|x64.Deploy.0 = Debug|Any CPU
		{E10F79EA-053D-44CD-A8C8-1070D1859B2F}.Debug|x86.ActiveCfg = Debug|Any CPU
		{E10F79EA-053D-44CD-A8C8-1070D1859B2F}.Debug|x86.Build.0 = Debug|Any CPU
		{E10F79EA-053D-44CD-A8C8-1070D1859B2F}.Debug|x86.Deploy.0 = Debug|Any CPU
		{E10F79EA-053D-44CD-A8C8-1070D1859B2F}.Release|Any CPU.ActiveCfg = Release|Any CPU
		{E10F79EA-053D-44CD-A8C8-1070D1859B2F}.Release|Any CPU.Build.0 = Release|Any CPU
		{E10F79EA-053D-44CD-A8C8-1070D1859B2F}.Release|Any CPU.Deploy.0 = Release|Any CPU
		{E10F79EA-053D-44CD-A8C8-1070D1859B2F}.Release|ARM.ActiveCfg = Release|Any CPU
		{E10F79EA-053D-44CD-A8C8-1070D1859B2F}.Release|ARM.Build.0 = Release|Any CPU
		{E10F79EA-053D-44CD-A8C8-1070D1859B2F}.Release|ARM.Deploy.0 = Release|Any CPU
		{E10F79EA-053D-44CD-A8C8-1070D1859B2F}.Release|iPhone.ActiveCfg = Release|Any CPU
		{E10F79EA-053D-44CD-A8C8-1070D1859B2F}.Release|iPhone.Build.0 = Release|Any CPU
		{E10F79EA-053D-44CD-A8C8-1070D1859B2F}.Release|iPhone.Deploy.0 = Release|Any CPU
		{E10F79EA-053D-44CD-A8C8-1070D1859B2F}.Release|iPhoneSimulator.ActiveCfg = Release|Any CPU
		{E10F79EA-053D-44CD-A8C8-1070D1859B2F}.Release|iPhoneSimulator.Build.0 = Release|Any CPU
		{E10F79EA-053D-44CD-A8C8-1070D1859B2F}.Release|iPhoneSimulator.Deploy.0 = Release|Any CPU
		{E10F79EA-053D-44CD-A8C8-1070D1859B2F}.Release|x64.ActiveCfg = Release|Any CPU
		{E10F79EA-053D-44CD-A8C8-1070D1859B2F}.Release|x64.Build.0 = Release|Any CPU
		{E10F79EA-053D-44CD-A8C8-1070D1859B2F}.Release|x64.Deploy.0 = Release|Any CPU
		{E10F79EA-053D-44CD-A8C8-1070D1859B2F}.Release|x86.ActiveCfg = Release|Any CPU
		{E10F79EA-053D-44CD-A8C8-1070D1859B2F}.Release|x86.Build.0 = Release|Any CPU
		{E10F79EA-053D-44CD-A8C8-1070D1859B2F}.Release|x86.Deploy.0 = Release|Any CPU
		{89055559-D8AE-4F9B-BCF0-FDA8D52E0098}.Debug|Any CPU.ActiveCfg = Debug|iPhoneSimulator
		{89055559-D8AE-4F9B-BCF0-FDA8D52E0098}.Debug|ARM.ActiveCfg = Debug|iPhoneSimulator
		{89055559-D8AE-4F9B-BCF0-FDA8D52E0098}.Debug|iPhone.ActiveCfg = Debug|iPhone
		{89055559-D8AE-4F9B-BCF0-FDA8D52E0098}.Debug|iPhone.Build.0 = Debug|iPhone
		{89055559-D8AE-4F9B-BCF0-FDA8D52E0098}.Debug|iPhoneSimulator.ActiveCfg = Debug|iPhoneSimulator
		{89055559-D8AE-4F9B-BCF0-FDA8D52E0098}.Debug|iPhoneSimulator.Build.0 = Debug|iPhoneSimulator
		{89055559-D8AE-4F9B-BCF0-FDA8D52E0098}.Debug|x64.ActiveCfg = Debug|iPhoneSimulator
		{89055559-D8AE-4F9B-BCF0-FDA8D52E0098}.Debug|x86.ActiveCfg = Debug|iPhoneSimulator
		{89055559-D8AE-4F9B-BCF0-FDA8D52E0098}.Release|Any CPU.ActiveCfg = Release|iPhoneSimulator
		{89055559-D8AE-4F9B-BCF0-FDA8D52E0098}.Release|ARM.ActiveCfg = Release|iPhoneSimulator
		{89055559-D8AE-4F9B-BCF0-FDA8D52E0098}.Release|iPhone.ActiveCfg = Release|iPhone
		{89055559-D8AE-4F9B-BCF0-FDA8D52E0098}.Release|iPhone.Build.0 = Release|iPhone
		{89055559-D8AE-4F9B-BCF0-FDA8D52E0098}.Release|iPhoneSimulator.ActiveCfg = Release|iPhoneSimulator
		{89055559-D8AE-4F9B-BCF0-FDA8D52E0098}.Release|iPhoneSimulator.Build.0 = Release|iPhoneSimulator
		{89055559-D8AE-4F9B-BCF0-FDA8D52E0098}.Release|x64.ActiveCfg = Release|iPhoneSimulator
		{89055559-D8AE-4F9B-BCF0-FDA8D52E0098}.Release|x86.ActiveCfg = Release|iPhoneSimulator
		{33235431-E740-47EE-A9B4-4D6784ABD0B5}.Debug|Any CPU.ActiveCfg = Debug|Any CPU
		{33235431-E740-47EE-A9B4-4D6784ABD0B5}.Debug|Any CPU.Build.0 = Debug|Any CPU
		{33235431-E740-47EE-A9B4-4D6784ABD0B5}.Debug|ARM.ActiveCfg = Debug|Any CPU
		{33235431-E740-47EE-A9B4-4D6784ABD0B5}.Debug|ARM.Build.0 = Debug|Any CPU
		{33235431-E740-47EE-A9B4-4D6784ABD0B5}.Debug|iPhone.ActiveCfg = Debug|Any CPU
		{33235431-E740-47EE-A9B4-4D6784ABD0B5}.Debug|iPhone.Build.0 = Debug|Any CPU
		{33235431-E740-47EE-A9B4-4D6784ABD0B5}.Debug|iPhoneSimulator.ActiveCfg = Debug|Any CPU
		{33235431-E740-47EE-A9B4-4D6784ABD0B5}.Debug|iPhoneSimulator.Build.0 = Debug|Any CPU
		{33235431-E740-47EE-A9B4-4D6784ABD0B5}.Debug|x64.ActiveCfg = Debug|Any CPU
		{33235431-E740-47EE-A9B4-4D6784ABD0B5}.Debug|x64.Build.0 = Debug|Any CPU
		{33235431-E740-47EE-A9B4-4D6784ABD0B5}.Debug|x86.ActiveCfg = Debug|Any CPU
		{33235431-E740-47EE-A9B4-4D6784ABD0B5}.Debug|x86.Build.0 = Debug|Any CPU
		{33235431-E740-47EE-A9B4-4D6784ABD0B5}.Release|Any CPU.ActiveCfg = Release|Any CPU
		{33235431-E740-47EE-A9B4-4D6784ABD0B5}.Release|Any CPU.Build.0 = Release|Any CPU
		{33235431-E740-47EE-A9B4-4D6784ABD0B5}.Release|ARM.ActiveCfg = Release|Any CPU
		{33235431-E740-47EE-A9B4-4D6784ABD0B5}.Release|ARM.Build.0 = Release|Any CPU
		{33235431-E740-47EE-A9B4-4D6784ABD0B5}.Release|iPhone.ActiveCfg = Release|Any CPU
		{33235431-E740-47EE-A9B4-4D6784ABD0B5}.Release|iPhone.Build.0 = Release|Any CPU
		{33235431-E740-47EE-A9B4-4D6784ABD0B5}.Release|iPhoneSimulator.ActiveCfg = Release|Any CPU
		{33235431-E740-47EE-A9B4-4D6784ABD0B5}.Release|iPhoneSimulator.Build.0 = Release|Any CPU
		{33235431-E740-47EE-A9B4-4D6784ABD0B5}.Release|x64.ActiveCfg = Release|Any CPU
		{33235431-E740-47EE-A9B4-4D6784ABD0B5}.Release|x64.Build.0 = Release|Any CPU
		{33235431-E740-47EE-A9B4-4D6784ABD0B5}.Release|x86.ActiveCfg = Release|Any CPU
		{33235431-E740-47EE-A9B4-4D6784ABD0B5}.Release|x86.Build.0 = Release|Any CPU
		{E78C385F-576E-4997-8369-593BD6FA5122}.Debug|Any CPU.ActiveCfg = Debug|Any CPU
		{E78C385F-576E-4997-8369-593BD6FA5122}.Debug|Any CPU.Build.0 = Debug|Any CPU
		{E78C385F-576E-4997-8369-593BD6FA5122}.Debug|ARM.ActiveCfg = Debug|Any CPU
		{E78C385F-576E-4997-8369-593BD6FA5122}.Debug|ARM.Build.0 = Debug|Any CPU
		{E78C385F-576E-4997-8369-593BD6FA5122}.Debug|iPhone.ActiveCfg = Debug|Any CPU
		{E78C385F-576E-4997-8369-593BD6FA5122}.Debug|iPhone.Build.0 = Debug|Any CPU
		{E78C385F-576E-4997-8369-593BD6FA5122}.Debug|iPhoneSimulator.ActiveCfg = Debug|Any CPU
		{E78C385F-576E-4997-8369-593BD6FA5122}.Debug|iPhoneSimulator.Build.0 = Debug|Any CPU
		{E78C385F-576E-4997-8369-593BD6FA5122}.Debug|x64.ActiveCfg = Debug|Any CPU
		{E78C385F-576E-4997-8369-593BD6FA5122}.Debug|x64.Build.0 = Debug|Any CPU
		{E78C385F-576E-4997-8369-593BD6FA5122}.Debug|x86.ActiveCfg = Debug|Any CPU
		{E78C385F-576E-4997-8369-593BD6FA5122}.Debug|x86.Build.0 = Debug|Any CPU
		{E78C385F-576E-4997-8369-593BD6FA5122}.Release|Any CPU.ActiveCfg = Release|Any CPU
		{E78C385F-576E-4997-8369-593BD6FA5122}.Release|Any CPU.Build.0 = Release|Any CPU
		{E78C385F-576E-4997-8369-593BD6FA5122}.Release|ARM.ActiveCfg = Release|Any CPU
		{E78C385F-576E-4997-8369-593BD6FA5122}.Release|ARM.Build.0 = Release|Any CPU
		{E78C385F-576E-4997-8369-593BD6FA5122}.Release|iPhone.ActiveCfg = Release|Any CPU
		{E78C385F-576E-4997-8369-593BD6FA5122}.Release|iPhone.Build.0 = Release|Any CPU
		{E78C385F-576E-4997-8369-593BD6FA5122}.Release|iPhoneSimulator.ActiveCfg = Release|Any CPU
		{E78C385F-576E-4997-8369-593BD6FA5122}.Release|iPhoneSimulator.Build.0 = Release|Any CPU
		{E78C385F-576E-4997-8369-593BD6FA5122}.Release|x64.ActiveCfg = Release|Any CPU
		{E78C385F-576E-4997-8369-593BD6FA5122}.Release|x64.Build.0 = Release|Any CPU
		{E78C385F-576E-4997-8369-593BD6FA5122}.Release|x86.ActiveCfg = Release|Any CPU
		{E78C385F-576E-4997-8369-593BD6FA5122}.Release|x86.Build.0 = Release|Any CPU
	EndGlobalSection
	GlobalSection(SolutionProperties) = preSolution
		HideSolutionNode = FALSE
	EndGlobalSection
	GlobalSection(ExtensibilityGlobals) = postSolution
		SolutionGuid = {C1EC4545-DDDE-4A6C-8250-0EB5D6825ED0}
	EndGlobalSection
EndGlobal
